// !$*UTF8*$!
{
	archiveVersion = 1;
	classes = {
	};
	objectVersion = 56;
	objects = {

/* Begin PBXBuildFile section */
		9FD623282A83EC0900D6781F /* SubtitleAppendApp.swift in Sources */ = {isa = PBXBuildFile; fileRef = 9FD623272A83EC0900D6781F /* SubtitleAppendApp.swift */; };
		9FD6232A2A83EC0900D6781F /* ContentView.swift in Sources */ = {isa = PBXBuildFile; fileRef = 9FD623292A83EC0900D6781F /* ContentView.swift */; };
		9FD6232C2A83EC0B00D6781F /* Assets.xcassets in Resources */ = {isa = PBXBuildFile; fileRef = 9FD6232B2A83EC0B00D6781F /* Assets.xcassets */; };
		9FD6232F2A83EC0B00D6781F /* Preview Assets.xcassets in Resources */ = {isa = PBXBuildFile; fileRef = 9FD6232E2A83EC0B00D6781F /* Preview Assets.xcassets */; };
		9FD6233A2A83EC0B00D6781F /* SubtitleAppendTests.swift in Sources */ = {isa = PBXBuildFile; fileRef = 9FD623392A83EC0B00D6781F /* SubtitleAppendTests.swift */; };
		9FD623442A83EC0B00D6781F /* SubtitleAppendUITests.swift in Sources */ = {isa = PBXBuildFile; fileRef = 9FD623432A83EC0B00D6781F /* SubtitleAppendUITests.swift */; };
		9FD623462A83EC0B00D6781F /* SubtitleAppendUITestsLaunchTests.swift in Sources */ = {isa = PBXBuildFile; fileRef = 9FD623452A83EC0B00D6781F /* SubtitleAppendUITestsLaunchTests.swift */; };
/* End PBXBuildFile section */

/* Begin PBXContainerItemProxy section */
		9FD623362A83EC0B00D6781F /* PBXContainerItemProxy */ = {
			isa = PBXContainerItemProxy;
			containerPortal = 9FD6231C2A83EC0900D6781F /* Project object */;
			proxyType = 1;
			remoteGlobalIDString = 9FD623232A83EC0900D6781F;
			remoteInfo = SubtitleAppend;
		};
		9FD623402A83EC0B00D6781F /* PBXContainerItemProxy */ = {
			isa = PBXContainerItemProxy;
			containerPortal = 9FD6231C2A83EC0900D6781F /* Project object */;
			proxyType = 1;
			remoteGlobalIDString = 9FD623232A83EC0900D6781F;
			remoteInfo = SubtitleAppend;
		};
/* End PBXContainerItemProxy section */

/* Begin PBXFileReference section */
		9FD623242A83EC0900D6781F /* SubtitleAppend.app */ = {isa = PBXFileReference; explicitFileType = wrapper.application; includeInIndex = 0; path = SubtitleAppend.app; sourceTree = BUILT_PRODUCTS_DIR; };
		9FD623272A83EC0900D6781F /* SubtitleAppendApp.swift */ = {isa = PBXFileReference; lastKnownFileType = sourcecode.swift; path = SubtitleAppendApp.swift; sourceTree = "<group>"; };
		9FD623292A83EC0900D6781F /* ContentView.swift */ = {isa = PBXFileReference; lastKnownFileType = sourcecode.swift; path = ContentView.swift; sourceTree = "<group>"; };
		9FD6232B2A83EC0B00D6781F /* Assets.xcassets */ = {isa = PBXFileReference; lastKnownFileType = folder.assetcatalog; path = Assets.xcassets; sourceTree = "<group>"; };
		9FD6232E2A83EC0B00D6781F /* Preview Assets.xcassets */ = {isa = PBXFileReference; lastKnownFileType = folder.assetcatalog; path = "Preview Assets.xcassets"; sourceTree = "<group>"; };
		9FD623302A83EC0B00D6781F /* SubtitleAppend.entitlements */ = {isa = PBXFileReference; lastKnownFileType = text.plist.entitlements; path = SubtitleAppend.entitlements; sourceTree = "<group>"; };
		9FD623352A83EC0B00D6781F /* SubtitleAppendTests.xctest */ = {isa = PBXFileReference; explicitFileType = wrapper.cfbundle; includeInIndex = 0; path = SubtitleAppendTests.xctest; sourceTree = BUILT_PRODUCTS_DIR; };
		9FD623392A83EC0B00D6781F /* SubtitleAppendTests.swift */ = {isa = PBXFileReference; lastKnownFileType = sourcecode.swift; path = SubtitleAppendTests.swift; sourceTree = "<group>"; };
		9FD6233F2A83EC0B00D6781F /* SubtitleAppendUITests.xctest */ = {isa = PBXFileReference; explicitFileType = wrapper.cfbundle; includeInIndex = 0; path = SubtitleAppendUITests.xctest; sourceTree = BUILT_PRODUCTS_DIR; };
		9FD623432A83EC0B00D6781F /* SubtitleAppendUITests.swift */ = {isa = PBXFileReference; lastKnownFileType = sourcecode.swift; path = SubtitleAppendUITests.swift; sourceTree = "<group>"; };
		9FD623452A83EC0B00D6781F /* SubtitleAppendUITestsLaunchTests.swift */ = {isa = PBXFileReference; lastKnownFileType = sourcecode.swift; path = SubtitleAppendUITestsLaunchTests.swift; sourceTree = "<group>"; };
/* End PBXFileReference section */

/* Begin PBXFrameworksBuildPhase section */
		9FD623212A83EC0900D6781F /* Frameworks */ = {
			isa = PBXFrameworksBuildPhase;
			buildActionMask = 2147483647;
			files = (
			);
			runOnlyForDeploymentPostprocessing = 0;
		};
		9FD623322A83EC0B00D6781F /* Frameworks */ = {
			isa = PBXFrameworksBuildPhase;
			buildActionMask = 2147483647;
			files = (
			);
			runOnlyForDeploymentPostprocessing = 0;
		};
		9FD6233C2A83EC0B00D6781F /* Frameworks */ = {
			isa = PBXFrameworksBuildPhase;
			buildActionMask = 2147483647;
			files = (
			);
			runOnlyForDeploymentPostprocessing = 0;
		};
/* End PBXFrameworksBuildPhase section */

/* Begin PBXGroup section */
		9FD6231B2A83EC0900D6781F = {
			isa = PBXGroup;
			children = (
				9FD623262A83EC0900D6781F /* SubtitleAppend */,
				9FD623382A83EC0B00D6781F /* SubtitleAppendTests */,
				9FD623422A83EC0B00D6781F /* SubtitleAppendUITests */,
				9FD623252A83EC0900D6781F /* Products */,
			);
			sourceTree = "<group>";
		};
		9FD623252A83EC0900D6781F /* Products */ = {
			isa = PBXGroup;
			children = (
				9FD623242A83EC0900D6781F /* SubtitleAppend.app */,
				9FD623352A83EC0B00D6781F /* SubtitleAppendTests.xctest */,
				9FD6233F2A83EC0B00D6781F /* SubtitleAppendUITests.xctest */,
			);
			name = Products;
			sourceTree = "<group>";
		};
		9FD623262A83EC0900D6781F /* SubtitleAppend */ = {
			isa = PBXGroup;
			children = (
				9FD623272A83EC0900D6781F /* SubtitleAppendApp.swift */,
				9FD623292A83EC0900D6781F /* ContentView.swift */,
				9FD6232B2A83EC0B00D6781F /* Assets.xcassets */,
				9FD623302A83EC0B00D6781F /* SubtitleAppend.entitlements */,
				9FD6232D2A83EC0B00D6781F /* Preview Content */,
			);
			path = SubtitleAppend;
			sourceTree = "<group>";
		};
		9FD6232D2A83EC0B00D6781F /* Preview Content */ = {
			isa = PBXGroup;
			children = (
				9FD6232E2A83EC0B00D6781F /* Preview Assets.xcassets */,
			);
			path = "Preview Content";
			sourceTree = "<group>";
		};
		9FD623382A83EC0B00D6781F /* SubtitleAppendTests */ = {
			isa = PBXGroup;
			children = (
				9FD623392A83EC0B00D6781F /* SubtitleAppendTests.swift */,
			);
			path = SubtitleAppendTests;
			sourceTree = "<group>";
		};
		9FD623422A83EC0B00D6781F /* SubtitleAppendUITests */ = {
			isa = PBXGroup;
			children = (
				9FD623432A83EC0B00D6781F /* SubtitleAppendUITests.swift */,
				9FD623452A83EC0B00D6781F /* SubtitleAppendUITestsLaunchTests.swift */,
			);
			path = SubtitleAppendUITests;
			sourceTree = "<group>";
		};
/* End PBXGroup section */

/* Begin PBXNativeTarget section */
		9FD623232A83EC0900D6781F /* SubtitleAppend */ = {
			isa = PBXNativeTarget;
			buildConfigurationList = 9FD623492A83EC0B00D6781F /* Build configuration list for PBXNativeTarget "SubtitleAppend" */;
			buildPhases = (
				9FD623202A83EC0900D6781F /* Sources */,
				9FD623212A83EC0900D6781F /* Frameworks */,
				9FD623222A83EC0900D6781F /* Resources */,
			);
			buildRules = (
			);
			dependencies = (
			);
			name = SubtitleAppend;
			productName = SubtitleAppend;
			productReference = 9FD623242A83EC0900D6781F /* SubtitleAppend.app */;
			productType = "com.apple.product-type.application";
		};
		9FD623342A83EC0B00D6781F /* SubtitleAppendTests */ = {
			isa = PBXNativeTarget;
			buildConfigurationList = 9FD6234C2A83EC0B00D6781F /* Build configuration list for PBXNativeTarget "SubtitleAppendTests" */;
			buildPhases = (
				9FD623312A83EC0B00D6781F /* Sources */,
				9FD623322A83EC0B00D6781F /* Frameworks */,
				9FD623332A83EC0B00D6781F /* Resources */,
			);
			buildRules = (
			);
			dependencies = (
				9FD623372A83EC0B00D6781F /* PBXTargetDependency */,
			);
			name = SubtitleAppendTests;
			productName = SubtitleAppendTests;
			productReference = 9FD623352A83EC0B00D6781F /* SubtitleAppendTests.xctest */;
			productType = "com.apple.product-type.bundle.unit-test";
		};
		9FD6233E2A83EC0B00D6781F /* SubtitleAppendUITests */ = {
			isa = PBXNativeTarget;
			buildConfigurationList = 9FD6234F2A83EC0B00D6781F /* Build configuration list for PBXNativeTarget "SubtitleAppendUITests" */;
			buildPhases = (
				9FD6233B2A83EC0B00D6781F /* Sources */,
				9FD6233C2A83EC0B00D6781F /* Frameworks */,
				9FD6233D2A83EC0B00D6781F /* Resources */,
			);
			buildRules = (
			);
			dependencies = (
				9FD623412A83EC0B00D6781F /* PBXTargetDependency */,
			);
			name = SubtitleAppendUITests;
			productName = SubtitleAppendUITests;
			productReference = 9FD6233F2A83EC0B00D6781F /* SubtitleAppendUITests.xctest */;
			productType = "com.apple.product-type.bundle.ui-testing";
		};
/* End PBXNativeTarget section */

/* Begin PBXProject section */
		9FD6231C2A83EC0900D6781F /* Project object */ = {
			isa = PBXProject;
			attributes = {
				BuildIndependentTargetsInParallel = 1;
				LastSwiftUpdateCheck = 1430;
				LastUpgradeCheck = 1430;
				TargetAttributes = {
					9FD623232A83EC0900D6781F = {
						CreatedOnToolsVersion = 14.3.1;
					};
					9FD623342A83EC0B00D6781F = {
						CreatedOnToolsVersion = 14.3.1;
						TestTargetID = 9FD623232A83EC0900D6781F;
					};
					9FD6233E2A83EC0B00D6781F = {
						CreatedOnToolsVersion = 14.3.1;
						TestTargetID = 9FD623232A83EC0900D6781F;
					};
				};
			};
			buildConfigurationList = 9FD6231F2A83EC0900D6781F /* Build configuration list for PBXProject "SubtitleAppend" */;
			compatibilityVersion = "Xcode 14.0";
			developmentRegion = en;
			hasScannedForEncodings = 0;
			knownRegions = (
				en,
				Base,
			);
			mainGroup = 9FD6231B2A83EC0900D6781F;
			productRefGroup = 9FD623252A83EC0900D6781F /* Products */;
			projectDirPath = "";
			projectRoot = "";
			targets = (
				9FD623232A83EC0900D6781F /* SubtitleAppend */,
				9FD623342A83EC0B00D6781F /* SubtitleAppendTests */,
				9FD6233E2A83EC0B00D6781F /* SubtitleAppendUITests */,
			);
		};
/* End PBXProject section */

/* Begin PBXResourcesBuildPhase section */
		9FD623222A83EC0900D6781F /* Resources */ = {
			isa = PBXResourcesBuildPhase;
			buildActionMask = 2147483647;
			files = (
				9FD6232F2A83EC0B00D6781F /* Preview Assets.xcassets in Resources */,
				9FD6232C2A83EC0B00D6781F /* Assets.xcassets in Resources */,
			);
			runOnlyForDeploymentPostprocessing = 0;
		};
		9FD623332A83EC0B00D6781F /* Resources */ = {
			isa = PBXResourcesBuildPhase;
			buildActionMask = 2147483647;
			files = (
			);
			runOnlyForDeploymentPostprocessing = 0;
		};
		9FD6233D2A83EC0B00D6781F /* Resources */ = {
			isa = PBXResourcesBuildPhase;
			buildActionMask = 2147483647;
			files = (
			);
			runOnlyForDeploymentPostprocessing = 0;
		};
/* End PBXResourcesBuildPhase section */

/* Begin PBXSourcesBuildPhase section */
		9FD623202A83EC0900D6781F /* Sources */ = {
			isa = PBXSourcesBuildPhase;
			buildActionMask = 2147483647;
			files = (
				9FD6232A2A83EC0900D6781F /* ContentView.swift in Sources */,
				9FD623282A83EC0900D6781F /* SubtitleAppendApp.swift in Sources */,
			);
			runOnlyForDeploymentPostprocessing = 0;
		};
		9FD623312A83EC0B00D6781F /* Sources */ = {
			isa = PBXSourcesBuildPhase;
			buildActionMask = 2147483647;
			files = (
				9FD6233A2A83EC0B00D6781F /* SubtitleAppendTests.swift in Sources */,
			);
			runOnlyForDeploymentPostprocessing = 0;
		};
		9FD6233B2A83EC0B00D6781F /* Sources */ = {
			isa = PBXSourcesBuildPhase;
			buildActionMask = 2147483647;
			files = (
				9FD623462A83EC0B00D6781F /* SubtitleAppendUITestsLaunchTests.swift in Sources */,
				9FD623442A83EC0B00D6781F /* SubtitleAppendUITests.swift in Sources */,
			);
			runOnlyForDeploymentPostprocessing = 0;
		};
/* End PBXSourcesBuildPhase section */

/* Begin PBXTargetDependency section */
		9FD623372A83EC0B00D6781F /* PBXTargetDependency */ = {
			isa = PBXTargetDependency;
			target = 9FD623232A83EC0900D6781F /* SubtitleAppend */;
			targetProxy = 9FD623362A83EC0B00D6781F /* PBXContainerItemProxy */;
		};
		9FD623412A83EC0B00D6781F /* PBXTargetDependency */ = {
			isa = PBXTargetDependency;
			target = 9FD623232A83EC0900D6781F /* SubtitleAppend */;
			targetProxy = 9FD623402A83EC0B00D6781F /* PBXContainerItemProxy */;
		};
/* End PBXTargetDependency section */

/* Begin XCBuildConfiguration section */
		9FD623472A83EC0B00D6781F /* Debug */ = {
			isa = XCBuildConfiguration;
			buildSettings = {
				ALWAYS_SEARCH_USER_PATHS = NO;
				CLANG_ANALYZER_NONNULL = YES;
				CLANG_ANALYZER_NUMBER_OBJECT_CONVERSION = YES_AGGRESSIVE;
				CLANG_CXX_LANGUAGE_STANDARD = "gnu++20";
				CLANG_ENABLE_MODULES = YES;
				CLANG_ENABLE_OBJC_ARC = YES;
				CLANG_ENABLE_OBJC_WEAK = YES;
				CLANG_WARN_BLOCK_CAPTURE_AUTORELEASING = YES;
				CLANG_WARN_BOOL_CONVERSION = YES;
				CLANG_WARN_COMMA = YES;
				CLANG_WARN_CONSTANT_CONVERSION = YES;
				CLANG_WARN_DEPRECATED_OBJC_IMPLEMENTATIONS = YES;
				CLANG_WARN_DIRECT_OBJC_ISA_USAGE = YES_ERROR;
				CLANG_WARN_DOCUMENTATION_COMMENTS = YES;
				CLANG_WARN_EMPTY_BODY = YES;
				CLANG_WARN_ENUM_CONVERSION = YES;
				CLANG_WARN_INFINITE_RECURSION = YES;
				CLANG_WARN_INT_CONVERSION = YES;
				CLANG_WARN_NON_LITERAL_NULL_CONVERSION = YES;
				CLANG_WARN_OBJC_IMPLICIT_RETAIN_SELF = YES;
				CLANG_WARN_OBJC_LITERAL_CONVERSION = YES;
				CLANG_WARN_OBJC_ROOT_CLASS = YES_ERROR;
				CLANG_WARN_QUOTED_INCLUDE_IN_FRAMEWORK_HEADER = YES;
				CLANG_WARN_RANGE_LOOP_ANALYSIS = YES;
				CLANG_WARN_STRICT_PROTOTYPES = YES;
				CLANG_WARN_SUSPICIOUS_MOVE = YES;
				CLANG_WARN_UNGUARDED_AVAILABILITY = YES_AGGRESSIVE;
				CLANG_WARN_UNREACHABLE_CODE = YES;
				CLANG_WARN__DUPLICATE_METHOD_MATCH = YES;
				COPY_PHASE_STRIP = NO;
				DEBUG_INFORMATION_FORMAT = dwarf;
				ENABLE_STRICT_OBJC_MSGSEND = YES;
				ENABLE_TESTABILITY = YES;
				GCC_C_LANGUAGE_STANDARD = gnu11;
				GCC_DYNAMIC_NO_PIC = NO;
				GCC_NO_COMMON_BLOCKS = YES;
				GCC_OPTIMIZATION_LEVEL = 0;
				GCC_PREPROCESSOR_DEFINITIONS = (
					"DEBUG=1",
					"$(inherited)",
				);
				GCC_WARN_64_TO_32_BIT_CONVERSION = YES;
				GCC_WARN_ABOUT_RETURN_TYPE = YES_ERROR;
				GCC_WARN_UNDECLARED_SELECTOR = YES;
				GCC_WARN_UNINITIALIZED_AUTOS = YES_AGGRESSIVE;
				GCC_WARN_UNUSED_FUNCTION = YES;
				GCC_WARN_UNUSED_VARIABLE = YES;
				MACOSX_DEPLOYMENT_TARGET = 13.3;
				MTL_ENABLE_DEBUG_INFO = INCLUDE_SOURCE;
				MTL_FAST_MATH = YES;
				ONLY_ACTIVE_ARCH = YES;
				SDKROOT = macosx;
				SWIFT_ACTIVE_COMPILATION_CONDITIONS = DEBUG;
				SWIFT_OPTIMIZATION_LEVEL = "-Onone";
			};
			name = Debug;
		};
		9FD623482A83EC0B00D6781F /* Release */ = {
			isa = XCBuildConfiguration;
			buildSettings = {
				ALWAYS_SEARCH_USER_PATHS = NO;
				CLANG_ANALYZER_NONNULL = YES;
				CLANG_ANALYZER_NUMBER_OBJECT_CONVERSION = YES_AGGRESSIVE;
				CLANG_CXX_LANGUAGE_STANDARD = "gnu++20";
				CLANG_ENABLE_MODULES = YES;
				CLANG_ENABLE_OBJC_ARC = YES;
				CLANG_ENABLE_OBJC_WEAK = YES;
				CLANG_WARN_BLOCK_CAPTURE_AUTORELEASING = YES;
				CLANG_WARN_BOOL_CONVERSION = YES;
				CLANG_WARN_COMMA = YES;
				CLANG_WARN_CONSTANT_CONVERSION = YES;
				CLANG_WARN_DEPRECATED_OBJC_IMPLEMENTATIONS = YES;
				CLANG_WARN_DIRECT_OBJC_ISA_USAGE = YES_ERROR;
				CLANG_WARN_DOCUMENTATION_COMMENTS = YES;
				CLANG_WARN_EMPTY_BODY = YES;
				CLANG_WARN_ENUM_CONVERSION = YES;
				CLANG_WARN_INFINITE_RECURSION = YES;
				CLANG_WARN_INT_CONVERSION = YES;
				CLANG_WARN_NON_LITERAL_NULL_CONVERSION = YES;
				CLANG_WARN_OBJC_IMPLICIT_RETAIN_SELF = YES;
				CLANG_WARN_OBJC_LITERAL_CONVERSION = YES;
				CLANG_WARN_OBJC_ROOT_CLASS = YES_ERROR;
				CLANG_WARN_QUOTED_INCLUDE_IN_FRAMEWORK_HEADER = YES;
				CLANG_WARN_RANGE_LOOP_ANALYSIS = YES;
				CLANG_WARN_STRICT_PROTOTYPES = YES;
				CLANG_WARN_SUSPICIOUS_MOVE = YES;
				CLANG_WARN_UNGUARDED_AVAILABILITY = YES_AGGRESSIVE;
				CLANG_WARN_UNREACHABLE_CODE = YES;
				CLANG_WARN__DUPLICATE_METHOD_MATCH = YES;
				COPY_PHASE_STRIP = NO;
				DEBUG_INFORMATION_FORMAT = "dwarf-with-dsym";
				ENABLE_NS_ASSERTIONS = NO;
				ENABLE_STRICT_OBJC_MSGSEND = YES;
				GCC_C_LANGUAGE_STANDARD = gnu11;
				GCC_NO_COMMON_BLOCKS = YES;
				GCC_WARN_64_TO_32_BIT_CONVERSION = YES;
				GCC_WARN_ABOUT_RETURN_TYPE = YES_ERROR;
				GCC_WARN_UNDECLARED_SELECTOR = YES;
				GCC_WARN_UNINITIALIZED_AUTOS = YES_AGGRESSIVE;
				GCC_WARN_UNUSED_FUNCTION = YES;
				GCC_WARN_UNUSED_VARIABLE = YES;
				MACOSX_DEPLOYMENT_TARGET = 13.3;
				MTL_ENABLE_DEBUG_INFO = NO;
				MTL_FAST_MATH = YES;
				SDKROOT = macosx;
				SWIFT_COMPILATION_MODE = wholemodule;
				SWIFT_OPTIMIZATION_LEVEL = "-O";
			};
			name = Release;
		};
		9FD6234A2A83EC0B00D6781F /* Debug */ = {
			isa = XCBuildConfiguration;
			buildSettings = {
				ASSETCATALOG_COMPILER_APPICON_NAME = AppIcon;
				ASSETCATALOG_COMPILER_GLOBAL_ACCENT_COLOR_NAME = AccentColor;
				CODE_SIGN_ENTITLEMENTS = SubtitleAppend/SubtitleAppend.entitlements;
				CODE_SIGN_STYLE = Automatic;
				COMBINE_HIDPI_IMAGES = YES;
				CURRENT_PROJECT_VERSION = 1;
				DEVELOPMENT_ASSET_PATHS = "\"SubtitleAppend/Preview Content\"";
				ENABLE_PREVIEWS = YES;
				GENERATE_INFOPLIST_FILE = YES;
				INFOPLIST_KEY_NSHumanReadableCopyright = "";
				LD_RUNPATH_SEARCH_PATHS = (
					"$(inherited)",
					"@executable_path/../Frameworks",
				);
				MARKETING_VERSION = 1.0;
				PRODUCT_BUNDLE_IDENTIFIER = com.shashankh.SubtitleAppend;
				PRODUCT_NAME = "$(TARGET_NAME)";
				SWIFT_EMIT_LOC_STRINGS = YES;
				SWIFT_VERSION = 5.0;
			};
			name = Debug;
		};
		9FD6234B2A83EC0B00D6781F /* Release */ = {
			isa = XCBuildConfiguration;
			buildSettings = {
				ASSETCATALOG_COMPILER_APPICON_NAME = AppIcon;
				ASSETCATALOG_COMPILER_GLOBAL_ACCENT_COLOR_NAME = AccentColor;
				CODE_SIGN_ENTITLEMENTS = SubtitleAppend/SubtitleAppend.entitlements;
				CODE_SIGN_STYLE = Automatic;
				COMBINE_HIDPI_IMAGES = YES;
				CURRENT_PROJECT_VERSION = 1;
				DEVELOPMENT_ASSET_PATHS = "\"SubtitleAppend/Preview Content\"";
				ENABLE_PREVIEWS = YES;
				GENERATE_INFOPLIST_FILE = YES;
				INFOPLIST_KEY_NSHumanReadableCopyright = "";
				LD_RUNPATH_SEARCH_PATHS = (
					"$(inherited)",
					"@executable_path/../Frameworks",
				);
				MARKETING_VERSION = 1.0;
				PRODUCT_BUNDLE_IDENTIFIER = com.shashankh.SubtitleAppend;
				PRODUCT_NAME = "$(TARGET_NAME)";
				SWIFT_EMIT_LOC_STRINGS = YES;
				SWIFT_VERSION = 5.0;
			};
			name = Release;
		};
		9FD6234D2A83EC0B00D6781F /* Debug */ = {
			isa = XCBuildConfiguration;
			buildSettings = {
				ALWAYS_EMBED_SWIFT_STANDARD_LIBRARIES = YES;
				BUNDLE_LOADER = "$(TEST_HOST)";
				CODE_SIGN_STYLE = Automatic;
				CURRENT_PROJECT_VERSION = 1;
				GENERATE_INFOPLIST_FILE = YES;
				MACOSX_DEPLOYMENT_TARGET = 13.3;
				MARKETING_VERSION = 1.0;
				PRODUCT_BUNDLE_IDENTIFIER = com.shashankh.SubtitleAppendTests;
				PRODUCT_NAME = "$(TARGET_NAME)";
				SWIFT_EMIT_LOC_STRINGS = NO;
				SWIFT_VERSION = 5.0;
				TEST_HOST = "$(BUILT_PRODUCTS_DIR)/SubtitleAppend.app/$(BUNDLE_EXECUTABLE_FOLDER_PATH)/SubtitleAppend";
			};
			name = Debug;
		};
		9FD6234E2A83EC0B00D6781F /* Release */ = {
			isa = XCBuildConfiguration;
			buildSettings = {
				ALWAYS_EMBED_SWIFT_STANDARD_LIBRARIES = YES;
				BUNDLE_LOADER = "$(TEST_HOST)";
				CODE_SIGN_STYLE = Automatic;
				CURRENT_PROJECT_VERSION = 1;
				GENERATE_INFOPLIST_FILE = YES;
				MACOSX_DEPLOYMENT_TARGET = 13.3;
				MARKETING_VERSION = 1.0;
				PRODUCT_BUNDLE_IDENTIFIER = com.shashankh.SubtitleAppendTests;
				PRODUCT_NAME = "$(TARGET_NAME)";
				SWIFT_EMIT_LOC_STRINGS = NO;
				SWIFT_VERSION = 5.0;
				TEST_HOST = "$(BUILT_PRODUCTS_DIR)/SubtitleAppend.app/$(BUNDLE_EXECUTABLE_FOLDER_PATH)/SubtitleAppend";
			};
			name = Release;
		};
		9FD623502A83EC0B00D6781F /* Debug */ = {
			isa = XCBuildConfiguration;
			buildSettings = {
				ALWAYS_EMBED_SWIFT_STANDARD_LIBRARIES = YES;
				CODE_SIGN_STYLE = Automatic;
				CURRENT_PROJECT_VERSION = 1;
				GENERATE_INFOPLIST_FILE = YES;
				MARKETING_VERSION = 1.0;
				PRODUCT_BUNDLE_IDENTIFIER = com.shashankh.SubtitleAppendUITests;
				PRODUCT_NAME = "$(TARGET_NAME)";
				SWIFT_EMIT_LOC_STRINGS = NO;
				SWIFT_VERSION = 5.0;
				TEST_TARGET_NAME = SubtitleAppend;
			};
			name = Debug;
		};
		9FD623512A83EC0B00D6781F /* Release */ = {
			isa = XCBuildConfiguration;
			buildSettings = {
				ALWAYS_EMBED_SWIFT_STANDARD_LIBRARIES = YES;
				CODE_SIGN_STYLE = Automatic;
				CURRENT_PROJECT_VERSION = 1;
				GENERATE_INFOPLIST_FILE = YES;
				MARKETING_VERSION = 1.0;
				PRODUCT_BUNDLE_IDENTIFIER = com.shashankh.SubtitleAppendUITests;
				PRODUCT_NAME = "$(TARGET_NAME)";
				SWIFT_EMIT_LOC_STRINGS = NO;
				SWIFT_VERSION = 5.0;
				TEST_TARGET_NAME = SubtitleAppend;
			};
			name = Release;
		};
/* End XCBuildConfiguration section */

/* Begin XCConfigurationList section */
		9FD6231F2A83EC0900D6781F /* Build configuration list for PBXProject "SubtitleAppend" */ = {
			isa = XCConfigurationList;
			buildConfigurations = (
				9FD623472A83EC0B00D6781F /* Debug */,
				9FD623482A83EC0B00D6781F /* Release */,
			);
			defaultConfigurationIsVisible = 0;
			defaultConfigurationName = Release;
		};
		9FD623492A83EC0B00D6781F /* Build configuration list for PBXNativeTarget "SubtitleAppend" */ = {
			isa = XCConfigurationList;
			buildConfigurations = (
				9FD6234A2A83EC0B00D6781F /* Debug */,
				9FD6234B2A83EC0B00D6781F /* Release */,
			);
			defaultConfigurationIsVisible = 0;
			defaultConfigurationName = Release;
		};
		9FD6234C2A83EC0B00D6781F /* Build configuration list for PBXNativeTarget "SubtitleAppendTests" */ = {
			isa = XCConfigurationList;
			buildConfigurations = (
				9FD6234D2A83EC0B00D6781F /* Debug */,
				9FD6234E2A83EC0B00D6781F /* Release */,
			);
			defaultConfigurationIsVisible = 0;
			defaultConfigurationName = Release;
		};
		9FD6234F2A83EC0B00D6781F /* Build configuration list for PBXNativeTarget "SubtitleAppendUITests" */ = {
			isa = XCConfigurationList;
			buildConfigurations = (
				9FD623502A83EC0B00D6781F /* Debug */,
				9FD623512A83EC0B00D6781F /* Release */,
			);
			defaultConfigurationIsVisible = 0;
			defaultConfigurationName = Release;
		};
/* End XCConfigurationList section */
	};
	rootObject = 9FD6231C2A83EC0900D6781F /* Project object */;
}
